
Microsoft Visual Studio Solution File, Format Version 12.00
# Visual Studio Version 17
VisualStudioVersion = 17.13.35931.197 d17.13
MinimumVisualStudioVersion = 10.0.40219.1
Project("{FAE04EC0-301F-11D3-BF4B-00C04F79EFBC}") = "Ejercicio1", "Ejercicios_Guia7.3\Ejercicio1.csproj", "{5A438785-0B2C-4606-B52E-F6DB13107BB9}"
EndProject
Project("{FAE04EC0-301F-11D3-BF4B-00C04F79EFBC}") = "Ejercicio2", "Ejercicio2\Ejercicio2.csproj", "{F05F701E-D08A-418C-9111-16BA3EB5F740}"
EndProject
Project("{FAE04EC0-301F-11D3-BF4B-00C04F79EFBC}") = "Ejercicio3", "Ejercicio3\Ejercicio3.csproj", "{43AF3D48-81C1-4567-9BB0-324DCE49EF4A}"
EndProject
Global
	GlobalSection(SolutionConfigurationPlatforms) = preSolution
		Debug|Any CPU = Debug|Any CPU
		Release|Any CPU = Release|Any CPU
	EndGlobalSection
	GlobalSection(ProjectConfigurationPlatforms) = postSolution
		{5A438785-0B2C-4606-B52E-F6DB13107BB9}.Debug|Any CPU.ActiveCfg = Debug|Any CPU
		{5A438785-0B2C-4606-B52E-F6DB13107BB9}.Debug|Any CPU.Build.0 = Debug|Any CPU
		{5A438785-0B2C-4606-B52E-F6DB13107BB9}.Release|Any CPU.ActiveCfg = Release|Any CPU
		{5A438785-0B2C-4606-B52E-F6DB13107BB9}.Release|Any CPU.Build.0 = Release|Any CPU
		{F05F701E-D08A-418C-9111-16BA3EB5F740}.Debug|Any CPU.ActiveCfg = Debug|Any CPU
		{F05F701E-D08A-418C-9111-16BA3EB5F740}.Debug|Any CPU.Build.0 = Debug|Any CPU
		{F05F701E-D08A-418C-9111-16BA3EB5F740}.Release|Any CPU.ActiveCfg = Release|Any CPU
		{F05F701E-D08A-418C-9111-16BA3EB5F740}.Release|Any CPU.Build.0 = Release|Any CPU
		{43AF3D48-81C1-4567-9BB0-324DCE49EF4A}.Debug|Any CPU.ActiveCfg = Debug|Any CPU
		{43AF3D48-81C1-4567-9BB0-324DCE49EF4A}.Debug|Any CPU.Build.0 = Debug|Any CPU
		{43AF3D48-81C1-4567-9BB0-324DCE49EF4A}.Release|Any CPU.ActiveCfg = Release|Any CPU
		{43AF3D48-81C1-4567-9BB0-324DCE49EF4A}.Release|Any CPU.Build.0 = Release|Any CPU
	EndGlobalSection
	GlobalSection(SolutionProperties) = preSolution
		HideSolutionNode = FALSE
	EndGlobalSection
	GlobalSection(ExtensibilityGlobals) = postSolution
		SolutionGuid = {34FF941C-EED1-4B2E-AD4A-9C83DD31CE1E}
	EndGlobalSection
EndGlobal
